
Microsoft Visual Studio Solution File, Format Version 12.00
# Visual Studio Version 16
VisualStudioVersion = 16.0.33927.289
MinimumVisualStudioVersion = 10.0.40219.1
Project("{FAE04EC0-301F-11D3-BF4B-00C04F79EFBC}") = "Tyuiu.VolovikovMV.Sprint2.Task0.V11", "Tyuiu.VolovikovMV.Sprint2.Task0.V11\Tyuiu.VolovikovMV.Sprint2.Task0.V11.csproj", "{8982D8BC-B184-40AF-82AF-42F1AFDE54A1}"
EndProject
Project("{2150E333-8FDC-42A3-9474-1A3956D46DE8}") = "Task0", "Task0", "{E0726ECF-D621-442D-AA20-E7D7AFE02934}"
EndProject
Project("{FAE04EC0-301F-11D3-BF4B-00C04F79EFBC}") = "Tyuiu.VolovikovMV.Sprint2.Task0.V11.Lib", "Tyuiu.VolovikovMV.Sprint2.Task0.V11.Lib\Tyuiu.VolovikovMV.Sprint2.Task0.V11.Lib.csproj", "{86B5319C-811D-40C0-84C7-DD81F38D39BB}"
EndProject
Project("{FAE04EC0-301F-11D3-BF4B-00C04F79EFBC}") = "Tyuiu.VolovikovMV.Sprint2.Task0.V11.Test", "Tyuiu.VolovikovMV.Sprint2.Task0.V11.Test\Tyuiu.VolovikovMV.Sprint2.Task0.V11.Test.csproj", "{67A887CB-8AA6-4848-880A-4CF5933EA6E5}"
EndProject
Global
	GlobalSection(SolutionConfigurationPlatforms) = preSolution
		Debug|Any CPU = Debug|Any CPU
		Release|Any CPU = Release|Any CPU
	EndGlobalSection
	GlobalSection(ProjectConfigurationPlatforms) = postSolution
		{8982D8BC-B184-40AF-82AF-42F1AFDE54A1}.Debug|Any CPU.ActiveCfg = Debug|Any CPU
		{8982D8BC-B184-40AF-82AF-42F1AFDE54A1}.Debug|Any CPU.Build.0 = Debug|Any CPU
		{8982D8BC-B184-40AF-82AF-42F1AFDE54A1}.Release|Any CPU.ActiveCfg = Release|Any CPU
		{8982D8BC-B184-40AF-82AF-42F1AFDE54A1}.Release|Any CPU.Build.0 = Release|Any CPU
		{86B5319C-811D-40C0-84C7-DD81F38D39BB}.Debug|Any CPU.ActiveCfg = Debug|Any CPU
		{86B5319C-811D-40C0-84C7-DD81F38D39BB}.Debug|Any CPU.Build.0 = Debug|Any CPU
		{86B5319C-811D-40C0-84C7-DD81F38D39BB}.Release|Any CPU.ActiveCfg = Release|Any CPU
		{86B5319C-811D-40C0-84C7-DD81F38D39BB}.Release|Any CPU.Build.0 = Release|Any CPU
		{67A887CB-8AA6-4848-880A-4CF5933EA6E5}.Debug|Any CPU.ActiveCfg = Debug|Any CPU
		{67A887CB-8AA6-4848-880A-4CF5933EA6E5}.Debug|Any CPU.Build.0 = Debug|Any CPU
		{67A887CB-8AA6-4848-880A-4CF5933EA6E5}.Release|Any CPU.ActiveCfg = Release|Any CPU
		{67A887CB-8AA6-4848-880A-4CF5933EA6E5}.Release|Any CPU.Build.0 = Release|Any CPU
	EndGlobalSection
	GlobalSection(SolutionProperties) = preSolution
		HideSolutionNode = FALSE
	EndGlobalSection
	GlobalSection(NestedProjects) = preSolution
		{8982D8BC-B184-40AF-82AF-42F1AFDE54A1} = {E0726ECF-D621-442D-AA20-E7D7AFE02934}
		{86B5319C-811D-40C0-84C7-DD81F38D39BB} = {E0726ECF-D621-442D-AA20-E7D7AFE02934}
		{67A887CB-8AA6-4848-880A-4CF5933EA6E5} = {E0726ECF-D621-442D-AA20-E7D7AFE02934}
	EndGlobalSection
	GlobalSection(ExtensibilityGlobals) = postSolution
		SolutionGuid = {753769F4-8305-435A-B176-FBFA6753CFA7}
	EndGlobalSection
EndGlobal
