
Microsoft Visual Studio Solution File, Format Version 12.00
# Visual Studio Version 16
VisualStudioVersion = 16.0.33927.289
MinimumVisualStudioVersion = 10.0.40219.1
Project("{FAE04EC0-301F-11D3-BF4B-00C04F79EFBC}") = "Tyuiu.VolovikovMV.Sprint2.Task0.V11", "Tyuiu.VolovikovMV.Sprint2.Task0.V11\Tyuiu.VolovikovMV.Sprint2.Task0.V11.csproj", "{8982D8BC-B184-40AF-82AF-42F1AFDE54A1}"
EndProject
Project("{2150E333-8FDC-42A3-9474-1A3956D46DE8}") = "Task0", "Task0", "{E0726ECF-D621-442D-AA20-E7D7AFE02934}"
EndProject
Project("{FAE04EC0-301F-11D3-BF4B-00C04F79EFBC}") = "Tyuiu.VolovikovMV.Sprint2.Task0.V11.Lib", "Tyuiu.VolovikovMV.Sprint2.Task0.V11.Lib\Tyuiu.VolovikovMV.Sprint2.Task0.V11.Lib.csproj", "{86B5319C-811D-40C0-84C7-DD81F38D39BB}"
EndProject
Project("{FAE04EC0-301F-11D3-BF4B-00C04F79EFBC}") = "Tyuiu.VolovikovMV.Sprint2.Task0.V11.Test", "Tyuiu.VolovikovMV.Sprint2.Task0.V11.Test\Tyuiu.VolovikovMV.Sprint2.Task0.V11.Test.csproj", "{67A887CB-8AA6-4848-880A-4CF5933EA6E5}"
EndProject
Project("{2150E333-8FDC-42A3-9474-1A3956D46DE8}") = "Task1", "Task1", "{582805BF-4EB4-4BB5-8B5E-52E24A43EA95}"
EndProject
Project("{FAE04EC0-301F-11D3-BF4B-00C04F79EFBC}") = "Tyuiu.VolovikovMV.Sprint2.Task1.V5", "Tyuiu.VolovikovMV.Sprint2.Task1.V5\Tyuiu.VolovikovMV.Sprint2.Task1.V5.csproj", "{929E8BFC-3B6D-4D8F-9832-82F22039F2C5}"
EndProject
Project("{FAE04EC0-301F-11D3-BF4B-00C04F79EFBC}") = "Tyuiu.VolovikovMV.Sprint2.Task1.V5.Test", "Tyuiu.VolovikovMV.Sprint2.Task1.V5.Test\Tyuiu.VolovikovMV.Sprint2.Task1.V5.Test.csproj", "{EB71CF24-9D86-4FBC-A713-C1B65FB4EF4C}"
EndProject
Project("{FAE04EC0-301F-11D3-BF4B-00C04F79EFBC}") = "Tyuiu.VolovikovMV.Sprint2.Task1.V5.Lib", "Tyuiu.VolovikovMV.Sprint2.Task1.V5.Lib\Tyuiu.VolovikovMV.Sprint2.Task1.V5.Lib.csproj", "{A202A3D0-2BA0-4E14-A9DF-CFEF4434CFDA}"
EndProject
Project("{2150E333-8FDC-42A3-9474-1A3956D46DE8}") = "Task2", "Task2", "{918CD479-4D32-4E69-81E8-D4CAB293E97E}"
EndProject
Project("{FAE04EC0-301F-11D3-BF4B-00C04F79EFBC}") = "Tyuiu.VolovikovMV.Sprint2.Task2.V14", "Tyuiu.VolovikovMV.Sprint1.Task2.V14\Tyuiu.VolovikovMV.Sprint2.Task2.V14.csproj", "{54EAE2A4-0F2F-4E13-AE84-3B6B9A33FE06}"
EndProject
Project("{FAE04EC0-301F-11D3-BF4B-00C04F79EFBC}") = "Tyuiu.VolovikovMV.Sprint2.Task2.V14.Lib", "Tyuiu.VolovikovMV.Sprint1.Task2.V14.Lib\Tyuiu.VolovikovMV.Sprint2.Task2.V14.Lib.csproj", "{DE0339F6-36E1-43E6-B7C7-2DB4272B7BBB}"
EndProject
Project("{FAE04EC0-301F-11D3-BF4B-00C04F79EFBC}") = "Tyuiu.VolovikovMV.Sprint2.Task2.V14.Test", "Tyuiu.VolovikovMV.Sprint1.Task2.V14.Test\Tyuiu.VolovikovMV.Sprint2.Task2.V14.Test.csproj", "{D96D2B17-A253-4E31-B5BB-4382EF025C38}"
EndProject
Project("{2150E333-8FDC-42A3-9474-1A3956D46DE8}") = "Task3", "Task3", "{B0820AF2-E21A-4D54-9EB0-7CBB7BB1D457}"
EndProject
Project("{FAE04EC0-301F-11D3-BF4B-00C04F79EFBC}") = "Tyuiu.VolovikovMV.Sprint2.Task3.V3", "Tyuiu.VolovikovMV.Sprint2.Task3.V3\Tyuiu.VolovikovMV.Sprint2.Task3.V3.csproj", "{2A8B0BF6-78E4-4F74-BEBE-DE185CBE2115}"
EndProject
Project("{FAE04EC0-301F-11D3-BF4B-00C04F79EFBC}") = "Tyuiu.VolovikovMV.Sprint2.Task3.V3.Lib", "Tyuiu.VolovikovMV.Sprint2.Task3.V3.Lib\Tyuiu.VolovikovMV.Sprint2.Task3.V3.Lib.csproj", "{A85CEA67-63AB-49BB-A6BC-5251600A927A}"
EndProject
Project("{FAE04EC0-301F-11D3-BF4B-00C04F79EFBC}") = "Tyuiu.VolovikovMV.Sprint2.Task3.V3.Test", "Tyuiu.VolovikovMV.Sprint2.Task3.V3.Test\Tyuiu.VolovikovMV.Sprint2.Task3.V3.Test.csproj", "{E4C371C9-7C01-490F-86BC-34E5C1DDE839}"
EndProject
Project("{2150E333-8FDC-42A3-9474-1A3956D46DE8}") = "Task4", "Task4", "{02986873-A35A-4E3F-936A-C90817A81F70}"
EndProject
Project("{FAE04EC0-301F-11D3-BF4B-00C04F79EFBC}") = "Tyuiu.VolovikovMV.Sprint2.Task4.V11", "Tyuiu.VolovikovMV.Sprint2.Task4.V11\Tyuiu.VolovikovMV.Sprint2.Task4.V11.csproj", "{5E91D671-04FE-441C-A108-22F97F6F17D9}"
EndProject
Project("{FAE04EC0-301F-11D3-BF4B-00C04F79EFBC}") = "Tyuiu.VolovikovMV.Sprint2.Task4.V11.Lib", "Tyuiu.VolovikovMV.Sprint2.Task4.V11.Lib\Tyuiu.VolovikovMV.Sprint2.Task4.V11.Lib.csproj", "{76B2E01F-2C7D-478E-85B6-9D4A4C2B847B}"
EndProject
Project("{FAE04EC0-301F-11D3-BF4B-00C04F79EFBC}") = "Tyuiu.VolovikovMV.Sprint2.Task4.V11.Test", "Tyuiu.VolovikovMV.Sprint2.Task4.V11.Test\Tyuiu.VolovikovMV.Sprint2.Task4.V11.Test.csproj", "{2CBBCFF7-BEC8-41C3-8594-035212D21755}"
EndProject
Project("{2150E333-8FDC-42A3-9474-1A3956D46DE8}") = "Task5", "Task5", "{C181861B-96AA-4452-B774-6CE8E71EE256}"
EndProject
Project("{FAE04EC0-301F-11D3-BF4B-00C04F79EFBC}") = "Tyuiu.VolovikovMV.Sprint2.Task5.V10.Lib", "Tyuiu.VolovikovMV.Sprint2.Task5.V10.Lib\Tyuiu.VolovikovMV.Sprint2.Task5.V10.Lib.csproj", "{465F04F2-A65C-4E83-91C1-DE491E588CD4}"
EndProject
Project("{FAE04EC0-301F-11D3-BF4B-00C04F79EFBC}") = "Tyuiu.VolovikovMV.Sprint2.Task5.V10.Test", "Tyuiu.VolovikovMV.Sprint2.Task5.V10.Test\Tyuiu.VolovikovMV.Sprint2.Task5.V10.Test.csproj", "{71EB40EB-A011-440D-B9E3-24C9A6D9A9C3}"
EndProject
Project("{FAE04EC0-301F-11D3-BF4B-00C04F79EFBC}") = "Tyuiu.VolovikovMV.Sprint2.Task5.V10", "Tyuiu.VolovikovMV.Sprint2.Task5.V10\Tyuiu.VolovikovMV.Sprint2.Task5.V10.csproj", "{CF6F4923-E6F5-477C-A499-620BCED8EAD2}"
EndProject
Project("{2150E333-8FDC-42A3-9474-1A3956D46DE8}") = "Task6", "Task6", "{19248929-3A14-47D1-8206-B370B44DF408}"
EndProject
Project("{FAE04EC0-301F-11D3-BF4B-00C04F79EFBC}") = "Tyuiu.VolovikovMV.Sprint2.Task6.V7", "Tyuiu.VolovikovMV.Sprint2.Task6.V7\Tyuiu.VolovikovMV.Sprint2.Task6.V7.csproj", "{F2F879A7-8FD5-4040-BC8F-CC2D308EC1E0}"
EndProject
Project("{FAE04EC0-301F-11D3-BF4B-00C04F79EFBC}") = "Tyuiu.VolovikovMV.Sprint2.Task6.V7.Lib", "Tyuiu.VolovikovMV.Sprint2.Task6.V7.Lib\Tyuiu.VolovikovMV.Sprint2.Task6.V7.Lib.csproj", "{C1B636F3-1481-4C64-8C97-40CD32068B21}"
EndProject
Project("{FAE04EC0-301F-11D3-BF4B-00C04F79EFBC}") = "Tyuiu.VolovikovMV.Sprint2.Task6.V7.Test", "Tyuiu.VolovikovMV.Sprint2.Task6.V7.Test\Tyuiu.VolovikovMV.Sprint2.Task6.V7.Test.csproj", "{1C10587E-65B4-4574-9928-E2CE24F75EAC}"
EndProject
Project("{2150E333-8FDC-42A3-9474-1A3956D46DE8}") = "Task7", "Task7", "{3D91825C-612E-4FA2-A86E-68273CFFF072}"
EndProject
Project("{FAE04EC0-301F-11D3-BF4B-00C04F79EFBC}") = "Tyuiu.VolovikovMV.Sprint2.Task7.V15", "Tyuiu.VolovikovMV.Sprint2.Task7.V15\Tyuiu.VolovikovMV.Sprint2.Task7.V15.csproj", "{40018DE2-37E9-4BF6-AD18-9C0A61D352CD}"
EndProject
Project("{FAE04EC0-301F-11D3-BF4B-00C04F79EFBC}") = "Tyuiu.VolovikovMV.Sprint2.Task7.V15.Lib", "Tyuiu.VolovikovMV.Sprint2.Task7.V15.Lib\Tyuiu.VolovikovMV.Sprint2.Task7.V15.Lib.csproj", "{58176142-9018-43CA-9B9B-5A01CC035A76}"
EndProject
Project("{FAE04EC0-301F-11D3-BF4B-00C04F79EFBC}") = "Tyuiu.VolovikovMV.Sprint2.Task7.V15.Test", "Tyuiu.VolovikovMV.Sprint2.Task7.V15.Test\Tyuiu.VolovikovMV.Sprint2.Task7.V15.Test.csproj", "{F4857F28-1A19-4BD4-B293-0EFDCEBC33E2}"
EndProject
Global
	GlobalSection(SolutionConfigurationPlatforms) = preSolution
		Debug|Any CPU = Debug|Any CPU
		Release|Any CPU = Release|Any CPU
	EndGlobalSection
	GlobalSection(ProjectConfigurationPlatforms) = postSolution
		{8982D8BC-B184-40AF-82AF-42F1AFDE54A1}.Debug|Any CPU.ActiveCfg = Debug|Any CPU
		{8982D8BC-B184-40AF-82AF-42F1AFDE54A1}.Debug|Any CPU.Build.0 = Debug|Any CPU
		{8982D8BC-B184-40AF-82AF-42F1AFDE54A1}.Release|Any CPU.ActiveCfg = Release|Any CPU
		{8982D8BC-B184-40AF-82AF-42F1AFDE54A1}.Release|Any CPU.Build.0 = Release|Any CPU
		{86B5319C-811D-40C0-84C7-DD81F38D39BB}.Debug|Any CPU.ActiveCfg = Debug|Any CPU
		{86B5319C-811D-40C0-84C7-DD81F38D39BB}.Debug|Any CPU.Build.0 = Debug|Any CPU
		{86B5319C-811D-40C0-84C7-DD81F38D39BB}.Release|Any CPU.ActiveCfg = Release|Any CPU
		{86B5319C-811D-40C0-84C7-DD81F38D39BB}.Release|Any CPU.Build.0 = Release|Any CPU
		{67A887CB-8AA6-4848-880A-4CF5933EA6E5}.Debug|Any CPU.ActiveCfg = Debug|Any CPU
		{67A887CB-8AA6-4848-880A-4CF5933EA6E5}.Debug|Any CPU.Build.0 = Debug|Any CPU
		{67A887CB-8AA6-4848-880A-4CF5933EA6E5}.Release|Any CPU.ActiveCfg = Release|Any CPU
		{67A887CB-8AA6-4848-880A-4CF5933EA6E5}.Release|Any CPU.Build.0 = Release|Any CPU
		{929E8BFC-3B6D-4D8F-9832-82F22039F2C5}.Debug|Any CPU.ActiveCfg = Debug|Any CPU
		{929E8BFC-3B6D-4D8F-9832-82F22039F2C5}.Debug|Any CPU.Build.0 = Debug|Any CPU
		{929E8BFC-3B6D-4D8F-9832-82F22039F2C5}.Release|Any CPU.ActiveCfg = Release|Any CPU
		{929E8BFC-3B6D-4D8F-9832-82F22039F2C5}.Release|Any CPU.Build.0 = Release|Any CPU
		{EB71CF24-9D86-4FBC-A713-C1B65FB4EF4C}.Debug|Any CPU.ActiveCfg = Debug|Any CPU
		{EB71CF24-9D86-4FBC-A713-C1B65FB4EF4C}.Debug|Any CPU.Build.0 = Debug|Any CPU
		{EB71CF24-9D86-4FBC-A713-C1B65FB4EF4C}.Release|Any CPU.ActiveCfg = Release|Any CPU
		{EB71CF24-9D86-4FBC-A713-C1B65FB4EF4C}.Release|Any CPU.Build.0 = Release|Any CPU
		{A202A3D0-2BA0-4E14-A9DF-CFEF4434CFDA}.Debug|Any CPU.ActiveCfg = Debug|Any CPU
		{A202A3D0-2BA0-4E14-A9DF-CFEF4434CFDA}.Debug|Any CPU.Build.0 = Debug|Any CPU
		{A202A3D0-2BA0-4E14-A9DF-CFEF4434CFDA}.Release|Any CPU.ActiveCfg = Release|Any CPU
		{A202A3D0-2BA0-4E14-A9DF-CFEF4434CFDA}.Release|Any CPU.Build.0 = Release|Any CPU
		{54EAE2A4-0F2F-4E13-AE84-3B6B9A33FE06}.Debug|Any CPU.ActiveCfg = Debug|Any CPU
		{54EAE2A4-0F2F-4E13-AE84-3B6B9A33FE06}.Debug|Any CPU.Build.0 = Debug|Any CPU
		{54EAE2A4-0F2F-4E13-AE84-3B6B9A33FE06}.Release|Any CPU.ActiveCfg = Release|Any CPU
		{54EAE2A4-0F2F-4E13-AE84-3B6B9A33FE06}.Release|Any CPU.Build.0 = Release|Any CPU
		{DE0339F6-36E1-43E6-B7C7-2DB4272B7BBB}.Debug|Any CPU.ActiveCfg = Debug|Any CPU
		{DE0339F6-36E1-43E6-B7C7-2DB4272B7BBB}.Debug|Any CPU.Build.0 = Debug|Any CPU
		{DE0339F6-36E1-43E6-B7C7-2DB4272B7BBB}.Release|Any CPU.ActiveCfg = Release|Any CPU
		{DE0339F6-36E1-43E6-B7C7-2DB4272B7BBB}.Release|Any CPU.Build.0 = Release|Any CPU
		{D96D2B17-A253-4E31-B5BB-4382EF025C38}.Debug|Any CPU.ActiveCfg = Debug|Any CPU
		{D96D2B17-A253-4E31-B5BB-4382EF025C38}.Debug|Any CPU.Build.0 = Debug|Any CPU
		{D96D2B17-A253-4E31-B5BB-4382EF025C38}.Release|Any CPU.ActiveCfg = Release|Any CPU
		{D96D2B17-A253-4E31-B5BB-4382EF025C38}.Release|Any CPU.Build.0 = Release|Any CPU
		{2A8B0BF6-78E4-4F74-BEBE-DE185CBE2115}.Debug|Any CPU.ActiveCfg = Debug|Any CPU
		{2A8B0BF6-78E4-4F74-BEBE-DE185CBE2115}.Debug|Any CPU.Build.0 = Debug|Any CPU
		{2A8B0BF6-78E4-4F74-BEBE-DE185CBE2115}.Release|Any CPU.ActiveCfg = Release|Any CPU
		{2A8B0BF6-78E4-4F74-BEBE-DE185CBE2115}.Release|Any CPU.Build.0 = Release|Any CPU
		{A85CEA67-63AB-49BB-A6BC-5251600A927A}.Debug|Any CPU.ActiveCfg = Debug|Any CPU
		{A85CEA67-63AB-49BB-A6BC-5251600A927A}.Debug|Any CPU.Build.0 = Debug|Any CPU
		{A85CEA67-63AB-49BB-A6BC-5251600A927A}.Release|Any CPU.ActiveCfg = Release|Any CPU
		{A85CEA67-63AB-49BB-A6BC-5251600A927A}.Release|Any CPU.Build.0 = Release|Any CPU
		{E4C371C9-7C01-490F-86BC-34E5C1DDE839}.Debug|Any CPU.ActiveCfg = Debug|Any CPU
		{E4C371C9-7C01-490F-86BC-34E5C1DDE839}.Debug|Any CPU.Build.0 = Debug|Any CPU
		{E4C371C9-7C01-490F-86BC-34E5C1DDE839}.Release|Any CPU.ActiveCfg = Release|Any CPU
		{E4C371C9-7C01-490F-86BC-34E5C1DDE839}.Release|Any CPU.Build.0 = Release|Any CPU
		{5E91D671-04FE-441C-A108-22F97F6F17D9}.Debug|Any CPU.ActiveCfg = Debug|Any CPU
		{5E91D671-04FE-441C-A108-22F97F6F17D9}.Debug|Any CPU.Build.0 = Debug|Any CPU
		{5E91D671-04FE-441C-A108-22F97F6F17D9}.Release|Any CPU.ActiveCfg = Release|Any CPU
		{5E91D671-04FE-441C-A108-22F97F6F17D9}.Release|Any CPU.Build.0 = Release|Any CPU
		{76B2E01F-2C7D-478E-85B6-9D4A4C2B847B}.Debug|Any CPU.ActiveCfg = Debug|Any CPU
		{76B2E01F-2C7D-478E-85B6-9D4A4C2B847B}.Debug|Any CPU.Build.0 = Debug|Any CPU
		{76B2E01F-2C7D-478E-85B6-9D4A4C2B847B}.Release|Any CPU.ActiveCfg = Release|Any CPU
		{76B2E01F-2C7D-478E-85B6-9D4A4C2B847B}.Release|Any CPU.Build.0 = Release|Any CPU
		{2CBBCFF7-BEC8-41C3-8594-035212D21755}.Debug|Any CPU.ActiveCfg = Debug|Any CPU
		{2CBBCFF7-BEC8-41C3-8594-035212D21755}.Debug|Any CPU.Build.0 = Debug|Any CPU
		{2CBBCFF7-BEC8-41C3-8594-035212D21755}.Release|Any CPU.ActiveCfg = Release|Any CPU
		{2CBBCFF7-BEC8-41C3-8594-035212D21755}.Release|Any CPU.Build.0 = Release|Any CPU
		{465F04F2-A65C-4E83-91C1-DE491E588CD4}.Debug|Any CPU.ActiveCfg = Debug|Any CPU
		{465F04F2-A65C-4E83-91C1-DE491E588CD4}.Debug|Any CPU.Build.0 = Debug|Any CPU
		{465F04F2-A65C-4E83-91C1-DE491E588CD4}.Release|Any CPU.ActiveCfg = Release|Any CPU
		{465F04F2-A65C-4E83-91C1-DE491E588CD4}.Release|Any CPU.Build.0 = Release|Any CPU
		{71EB40EB-A011-440D-B9E3-24C9A6D9A9C3}.Debug|Any CPU.ActiveCfg = Debug|Any CPU
		{71EB40EB-A011-440D-B9E3-24C9A6D9A9C3}.Debug|Any CPU.Build.0 = Debug|Any CPU
		{71EB40EB-A011-440D-B9E3-24C9A6D9A9C3}.Release|Any CPU.ActiveCfg = Release|Any CPU
		{71EB40EB-A011-440D-B9E3-24C9A6D9A9C3}.Release|Any CPU.Build.0 = Release|Any CPU
		{CF6F4923-E6F5-477C-A499-620BCED8EAD2}.Debug|Any CPU.ActiveCfg = Debug|Any CPU
		{CF6F4923-E6F5-477C-A499-620BCED8EAD2}.Debug|Any CPU.Build.0 = Debug|Any CPU
		{CF6F4923-E6F5-477C-A499-620BCED8EAD2}.Release|Any CPU.ActiveCfg = Release|Any CPU
		{CF6F4923-E6F5-477C-A499-620BCED8EAD2}.Release|Any CPU.Build.0 = Release|Any CPU
		{F2F879A7-8FD5-4040-BC8F-CC2D308EC1E0}.Debug|Any CPU.ActiveCfg = Debug|Any CPU
		{F2F879A7-8FD5-4040-BC8F-CC2D308EC1E0}.Debug|Any CPU.Build.0 = Debug|Any CPU
		{F2F879A7-8FD5-4040-BC8F-CC2D308EC1E0}.Release|Any CPU.ActiveCfg = Release|Any CPU
		{F2F879A7-8FD5-4040-BC8F-CC2D308EC1E0}.Release|Any CPU.Build.0 = Release|Any CPU
		{C1B636F3-1481-4C64-8C97-40CD32068B21}.Debug|Any CPU.ActiveCfg = Debug|Any CPU
		{C1B636F3-1481-4C64-8C97-40CD32068B21}.Debug|Any CPU.Build.0 = Debug|Any CPU
		{C1B636F3-1481-4C64-8C97-40CD32068B21}.Release|Any CPU.ActiveCfg = Release|Any CPU
		{C1B636F3-1481-4C64-8C97-40CD32068B21}.Release|Any CPU.Build.0 = Release|Any CPU
		{1C10587E-65B4-4574-9928-E2CE24F75EAC}.Debug|Any CPU.ActiveCfg = Debug|Any CPU
		{1C10587E-65B4-4574-9928-E2CE24F75EAC}.Debug|Any CPU.Build.0 = Debug|Any CPU
		{1C10587E-65B4-4574-9928-E2CE24F75EAC}.Release|Any CPU.ActiveCfg = Release|Any CPU
		{1C10587E-65B4-4574-9928-E2CE24F75EAC}.Release|Any CPU.Build.0 = Release|Any CPU
		{40018DE2-37E9-4BF6-AD18-9C0A61D352CD}.Debug|Any CPU.ActiveCfg = Debug|Any CPU
		{40018DE2-37E9-4BF6-AD18-9C0A61D352CD}.Debug|Any CPU.Build.0 = Debug|Any CPU
		{40018DE2-37E9-4BF6-AD18-9C0A61D352CD}.Release|Any CPU.ActiveCfg = Release|Any CPU
		{40018DE2-37E9-4BF6-AD18-9C0A61D352CD}.Release|Any CPU.Build.0 = Release|Any CPU
		{58176142-9018-43CA-9B9B-5A01CC035A76}.Debug|Any CPU.ActiveCfg = Debug|Any CPU
		{58176142-9018-43CA-9B9B-5A01CC035A76}.Debug|Any CPU.Build.0 = Debug|Any CPU
		{58176142-9018-43CA-9B9B-5A01CC035A76}.Release|Any CPU.ActiveCfg = Release|Any CPU
		{58176142-9018-43CA-9B9B-5A01CC035A76}.Release|Any CPU.Build.0 = Release|Any CPU
		{F4857F28-1A19-4BD4-B293-0EFDCEBC33E2}.Debug|Any CPU.ActiveCfg = Debug|Any CPU
		{F4857F28-1A19-4BD4-B293-0EFDCEBC33E2}.Debug|Any CPU.Build.0 = Debug|Any CPU
		{F4857F28-1A19-4BD4-B293-0EFDCEBC33E2}.Release|Any CPU.ActiveCfg = Release|Any CPU
		{F4857F28-1A19-4BD4-B293-0EFDCEBC33E2}.Release|Any CPU.Build.0 = Release|Any CPU
	EndGlobalSection
	GlobalSection(SolutionProperties) = preSolution
		HideSolutionNode = FALSE
	EndGlobalSection
	GlobalSection(NestedProjects) = preSolution
		{8982D8BC-B184-40AF-82AF-42F1AFDE54A1} = {E0726ECF-D621-442D-AA20-E7D7AFE02934}
		{86B5319C-811D-40C0-84C7-DD81F38D39BB} = {E0726ECF-D621-442D-AA20-E7D7AFE02934}
		{67A887CB-8AA6-4848-880A-4CF5933EA6E5} = {E0726ECF-D621-442D-AA20-E7D7AFE02934}
		{929E8BFC-3B6D-4D8F-9832-82F22039F2C5} = {582805BF-4EB4-4BB5-8B5E-52E24A43EA95}
		{EB71CF24-9D86-4FBC-A713-C1B65FB4EF4C} = {582805BF-4EB4-4BB5-8B5E-52E24A43EA95}
		{A202A3D0-2BA0-4E14-A9DF-CFEF4434CFDA} = {582805BF-4EB4-4BB5-8B5E-52E24A43EA95}
		{54EAE2A4-0F2F-4E13-AE84-3B6B9A33FE06} = {918CD479-4D32-4E69-81E8-D4CAB293E97E}
		{DE0339F6-36E1-43E6-B7C7-2DB4272B7BBB} = {918CD479-4D32-4E69-81E8-D4CAB293E97E}
		{D96D2B17-A253-4E31-B5BB-4382EF025C38} = {918CD479-4D32-4E69-81E8-D4CAB293E97E}
		{2A8B0BF6-78E4-4F74-BEBE-DE185CBE2115} = {B0820AF2-E21A-4D54-9EB0-7CBB7BB1D457}
		{A85CEA67-63AB-49BB-A6BC-5251600A927A} = {B0820AF2-E21A-4D54-9EB0-7CBB7BB1D457}
		{E4C371C9-7C01-490F-86BC-34E5C1DDE839} = {B0820AF2-E21A-4D54-9EB0-7CBB7BB1D457}
		{5E91D671-04FE-441C-A108-22F97F6F17D9} = {02986873-A35A-4E3F-936A-C90817A81F70}
		{76B2E01F-2C7D-478E-85B6-9D4A4C2B847B} = {02986873-A35A-4E3F-936A-C90817A81F70}
		{2CBBCFF7-BEC8-41C3-8594-035212D21755} = {02986873-A35A-4E3F-936A-C90817A81F70}
		{465F04F2-A65C-4E83-91C1-DE491E588CD4} = {C181861B-96AA-4452-B774-6CE8E71EE256}
		{71EB40EB-A011-440D-B9E3-24C9A6D9A9C3} = {C181861B-96AA-4452-B774-6CE8E71EE256}
		{CF6F4923-E6F5-477C-A499-620BCED8EAD2} = {C181861B-96AA-4452-B774-6CE8E71EE256}
		{F2F879A7-8FD5-4040-BC8F-CC2D308EC1E0} = {19248929-3A14-47D1-8206-B370B44DF408}
		{C1B636F3-1481-4C64-8C97-40CD32068B21} = {19248929-3A14-47D1-8206-B370B44DF408}
		{1C10587E-65B4-4574-9928-E2CE24F75EAC} = {19248929-3A14-47D1-8206-B370B44DF408}
		{40018DE2-37E9-4BF6-AD18-9C0A61D352CD} = {3D91825C-612E-4FA2-A86E-68273CFFF072}
		{58176142-9018-43CA-9B9B-5A01CC035A76} = {3D91825C-612E-4FA2-A86E-68273CFFF072}
		{F4857F28-1A19-4BD4-B293-0EFDCEBC33E2} = {3D91825C-612E-4FA2-A86E-68273CFFF072}
	EndGlobalSection
	GlobalSection(ExtensibilityGlobals) = postSolution
		SolutionGuid = {753769F4-8305-435A-B176-FBFA6753CFA7}
	EndGlobalSection
EndGlobal
